// !$*UTF8*$!
{
	archiveVersion = 1;
	classes = {
	};
	objectVersion = 52;
	objects = {

/* Begin PBXBuildFile section */
		0703CB3D24CA60E70089D7D2 /* EmojiView.swift in Sources */ = {isa = PBXBuildFile; fileRef = 0703CB3C24CA60E70089D7D2 /* EmojiView.swift */; };
		0703CB3F24CA747F0089D7D2 /* CardView.swift in Sources */ = {isa = PBXBuildFile; fileRef = 0703CB3E24CA747F0089D7D2 /* CardView.swift */; };
		0703CB4124CAA54A0089D7D2 /* ListCellView.swift in Sources */ = {isa = PBXBuildFile; fileRef = 0703CB4024CAA54A0089D7D2 /* ListCellView.swift */; };
		0703CB4324CAC4890089D7D2 /* PlaceholderView.swift in Sources */ = {isa = PBXBuildFile; fileRef = 0703CB4224CAC4890089D7D2 /* PlaceholderView.swift */; };
		0703CB4524CADA7E0089D7D2 /* EventView.swift in Sources */ = {isa = PBXBuildFile; fileRef = 0703CB4424CADA7E0089D7D2 /* EventView.swift */; };
		07CED62524CA0EA40074BB95 /* PreviewCoreDataWrapper.swift in Sources */ = {isa = PBXBuildFile; fileRef = 07CED62424CA0EA40074BB95 /* PreviewCoreDataWrapper.swift */; };
		07DDD7E524C9E510003C9421 /* Model.xcdatamodeld in Sources */ = {isa = PBXBuildFile; fileRef = 07DDD7E324C9E510003C9421 /* Model.xcdatamodeld */; };
		07DDD7E724C9E82D003C9421 /* UnsplashResult.swift in Sources */ = {isa = PBXBuildFile; fileRef = 07DDD7E624C9E82D003C9421 /* UnsplashResult.swift */; };
		07DDD7E924C9ECE9003C9421 /* DataProvider.swift in Sources */ = {isa = PBXBuildFile; fileRef = 07DDD7E824C9ECE9003C9421 /* DataProvider.swift */; };
		07DDD7EC24CA04BB003C9421 /* MockImages.swift in Sources */ = {isa = PBXBuildFile; fileRef = 07DDD7EB24CA04BB003C9421 /* MockImages.swift */; };
		07E4251C24C9CA8F00C434C4 /* CountdownApp.swift in Sources */ = {isa = PBXBuildFile; fileRef = 07E4251B24C9CA8F00C434C4 /* CountdownApp.swift */; };
		07E4251E24C9CA8F00C434C4 /* ContentView.swift in Sources */ = {isa = PBXBuildFile; fileRef = 07E4251D24C9CA8F00C434C4 /* ContentView.swift */; };
		07E4252024C9CA9000C434C4 /* Assets.xcassets in Resources */ = {isa = PBXBuildFile; fileRef = 07E4251F24C9CA9000C434C4 /* Assets.xcassets */; };
		07E4252324C9CA9000C434C4 /* Preview Assets.xcassets in Resources */ = {isa = PBXBuildFile; fileRef = 07E4252224C9CA9000C434C4 /* Preview Assets.xcassets */; };
		07F4EA1A24CA159300CD1BA8 /* URLImage in Frameworks */ = {isa = PBXBuildFile; productRef = 07F4EA1924CA159300CD1BA8 /* URLImage */; };
/* End PBXBuildFile section */

/* Begin PBXFileReference section */
		0703CB3C24CA60E70089D7D2 /* EmojiView.swift */ = {isa = PBXFileReference; lastKnownFileType = sourcecode.swift; path = EmojiView.swift; sourceTree = "<group>"; };
		0703CB3E24CA747F0089D7D2 /* CardView.swift */ = {isa = PBXFileReference; lastKnownFileType = sourcecode.swift; path = CardView.swift; sourceTree = "<group>"; };
		0703CB4024CAA54A0089D7D2 /* ListCellView.swift */ = {isa = PBXFileReference; lastKnownFileType = sourcecode.swift; path = ListCellView.swift; sourceTree = "<group>"; };
		0703CB4224CAC4890089D7D2 /* PlaceholderView.swift */ = {isa = PBXFileReference; lastKnownFileType = sourcecode.swift; path = PlaceholderView.swift; sourceTree = "<group>"; };
		0703CB4424CADA7E0089D7D2 /* EventView.swift */ = {isa = PBXFileReference; lastKnownFileType = sourcecode.swift; path = EventView.swift; sourceTree = "<group>"; };
		07CED62424CA0EA40074BB95 /* PreviewCoreDataWrapper.swift */ = {isa = PBXFileReference; lastKnownFileType = sourcecode.swift; path = PreviewCoreDataWrapper.swift; sourceTree = "<group>"; };
		07DDD7E424C9E510003C9421 /* Model.xcdatamodel */ = {isa = PBXFileReference; lastKnownFileType = wrapper.xcdatamodel; path = Model.xcdatamodel; sourceTree = "<group>"; };
		07DDD7E624C9E82D003C9421 /* UnsplashResult.swift */ = {isa = PBXFileReference; lastKnownFileType = sourcecode.swift; path = UnsplashResult.swift; sourceTree = "<group>"; };
		07DDD7E824C9ECE9003C9421 /* DataProvider.swift */ = {isa = PBXFileReference; lastKnownFileType = sourcecode.swift; path = DataProvider.swift; sourceTree = "<group>"; };
		07DDD7EA24C9F17A003C9421 /* Countdown.entitlements */ = {isa = PBXFileReference; lastKnownFileType = text.plist.entitlements; path = Countdown.entitlements; sourceTree = "<group>"; };
		07DDD7EB24CA04BB003C9421 /* MockImages.swift */ = {isa = PBXFileReference; lastKnownFileType = sourcecode.swift; path = MockImages.swift; sourceTree = "<group>"; };
		07E4251824C9CA8F00C434C4 /* Countdown.app */ = {isa = PBXFileReference; explicitFileType = wrapper.application; includeInIndex = 0; path = Countdown.app; sourceTree = BUILT_PRODUCTS_DIR; };
		07E4251B24C9CA8F00C434C4 /* CountdownApp.swift */ = {isa = PBXFileReference; lastKnownFileType = sourcecode.swift; path = CountdownApp.swift; sourceTree = "<group>"; };
		07E4251D24C9CA8F00C434C4 /* ContentView.swift */ = {isa = PBXFileReference; lastKnownFileType = sourcecode.swift; path = ContentView.swift; sourceTree = "<group>"; };
		07E4251F24C9CA9000C434C4 /* Assets.xcassets */ = {isa = PBXFileReference; lastKnownFileType = folder.assetcatalog; path = Assets.xcassets; sourceTree = "<group>"; };
		07E4252224C9CA9000C434C4 /* Preview Assets.xcassets */ = {isa = PBXFileReference; lastKnownFileType = folder.assetcatalog; path = "Preview Assets.xcassets"; sourceTree = "<group>"; };
		07E4252424C9CA9000C434C4 /* Info.plist */ = {isa = PBXFileReference; lastKnownFileType = text.plist.xml; path = Info.plist; sourceTree = "<group>"; };
/* End PBXFileReference section */

/* Begin PBXFrameworksBuildPhase section */
		07E4251524C9CA8F00C434C4 /* Frameworks */ = {
			isa = PBXFrameworksBuildPhase;
			buildActionMask = 2147483647;
			files = (
				07F4EA1A24CA159300CD1BA8 /* URLImage in Frameworks */,
			);
			runOnlyForDeploymentPostprocessing = 0;
		};
/* End PBXFrameworksBuildPhase section */

/* Begin PBXGroup section */
		07E4250F24C9CA8E00C434C4 = {
			isa = PBXGroup;
			children = (
				07DDD7E324C9E510003C9421 /* Model.xcdatamodeld */,
				07DDD7E624C9E82D003C9421 /* UnsplashResult.swift */,
				07DDD7E824C9ECE9003C9421 /* DataProvider.swift */,
				07DDD7EB24CA04BB003C9421 /* MockImages.swift */,
				07E4251A24C9CA8F00C434C4 /* Countdown */,
				07E4251924C9CA8F00C434C4 /* Products */,
			);
			sourceTree = "<group>";
		};
		07E4251924C9CA8F00C434C4 /* Products */ = {
			isa = PBXGroup;
			children = (
				07E4251824C9CA8F00C434C4 /* Countdown.app */,
			);
			name = Products;
			sourceTree = "<group>";
		};
		07E4251A24C9CA8F00C434C4 /* Countdown */ = {
			isa = PBXGroup;
			children = (
				07DDD7EA24C9F17A003C9421 /* Countdown.entitlements */,
				07E4251B24C9CA8F00C434C4 /* CountdownApp.swift */,
				07CED62424CA0EA40074BB95 /* PreviewCoreDataWrapper.swift */,
				07E4251D24C9CA8F00C434C4 /* ContentView.swift */,
				0703CB4224CAC4890089D7D2 /* PlaceholderView.swift */,
				0703CB4024CAA54A0089D7D2 /* ListCellView.swift */,
				0703CB4424CADA7E0089D7D2 /* EventView.swift */,
				0703CB3E24CA747F0089D7D2 /* CardView.swift */,
				0703CB3C24CA60E70089D7D2 /* EmojiView.swift */,
				07E4251F24C9CA9000C434C4 /* Assets.xcassets */,
				07E4252424C9CA9000C434C4 /* Info.plist */,
				07E4252124C9CA9000C434C4 /* Preview Content */,
			);
			path = Countdown;
			sourceTree = "<group>";
		};
		07E4252124C9CA9000C434C4 /* Preview Content */ = {
			isa = PBXGroup;
			children = (
				07E4252224C9CA9000C434C4 /* Preview Assets.xcassets */,
			);
			path = "Preview Content";
			sourceTree = "<group>";
		};
/* End PBXGroup section */

/* Begin PBXNativeTarget section */
		07E4251724C9CA8F00C434C4 /* Countdown */ = {
			isa = PBXNativeTarget;
			buildConfigurationList = 07E4252724C9CA9000C434C4 /* Build configuration list for PBXNativeTarget "Countdown" */;
			buildPhases = (
				07E4251424C9CA8F00C434C4 /* Sources */,
				07E4251524C9CA8F00C434C4 /* Frameworks */,
				07E4251624C9CA8F00C434C4 /* Resources */,
			);
			buildRules = (
			);
			dependencies = (
			);
			name = Countdown;
			packageProductDependencies = (
				07F4EA1924CA159300CD1BA8 /* URLImage */,
			);
			productName = Countdown;
			productReference = 07E4251824C9CA8F00C434C4 /* Countdown.app */;
			productType = "com.apple.product-type.application";
		};
/* End PBXNativeTarget section */

/* Begin PBXProject section */
		07E4251024C9CA8E00C434C4 /* Project object */ = {
			isa = PBXProject;
			attributes = {
				LastSwiftUpdateCheck = 1200;
				LastUpgradeCheck = 1200;
				TargetAttributes = {
					07E4251724C9CA8F00C434C4 = {
						CreatedOnToolsVersion = 12.0;
					};
				};
			};
			buildConfigurationList = 07E4251324C9CA8E00C434C4 /* Build configuration list for PBXProject "Countdown" */;
			compatibilityVersion = "Xcode 9.3";
			developmentRegion = en;
			hasScannedForEncodings = 0;
			knownRegions = (
				en,
				Base,
			);
			mainGroup = 07E4250F24C9CA8E00C434C4;
			packageReferences = (
				07F4EA1824CA159300CD1BA8 /* XCRemoteSwiftPackageReference "url-image" */,
			);
			productRefGroup = 07E4251924C9CA8F00C434C4 /* Products */;
			projectDirPath = "";
			projectRoot = "";
			targets = (
				07E4251724C9CA8F00C434C4 /* Countdown */,
			);
		};
/* End PBXProject section */

/* Begin PBXResourcesBuildPhase section */
		07E4251624C9CA8F00C434C4 /* Resources */ = {
			isa = PBXResourcesBuildPhase;
			buildActionMask = 2147483647;
			files = (
				07E4252324C9CA9000C434C4 /* Preview Assets.xcassets in Resources */,
				07E4252024C9CA9000C434C4 /* Assets.xcassets in Resources */,
			);
			runOnlyForDeploymentPostprocessing = 0;
		};
/* End PBXResourcesBuildPhase section */

/* Begin PBXSourcesBuildPhase section */
		07E4251424C9CA8F00C434C4 /* Sources */ = {
			isa = PBXSourcesBuildPhase;
			buildActionMask = 2147483647;
			files = (
				07DDD7E724C9E82D003C9421 /* UnsplashResult.swift in Sources */,
				0703CB3F24CA747F0089D7D2 /* CardView.swift in Sources */,
				0703CB3D24CA60E70089D7D2 /* EmojiView.swift in Sources */,
				0703CB4524CADA7E0089D7D2 /* EventView.swift in Sources */,
				07E4251E24C9CA8F00C434C4 /* ContentView.swift in Sources */,
				0703CB4124CAA54A0089D7D2 /* ListCellView.swift in Sources */,
				07DDD7E924C9ECE9003C9421 /* DataProvider.swift in Sources */,
				07E4251C24C9CA8F00C434C4 /* CountdownApp.swift in Sources */,
				07CED62524CA0EA40074BB95 /* PreviewCoreDataWrapper.swift in Sources */,
				07DDD7E524C9E510003C9421 /* Model.xcdatamodeld in Sources */,
				0703CB4324CAC4890089D7D2 /* PlaceholderView.swift in Sources */,
				07DDD7EC24CA04BB003C9421 /* MockImages.swift in Sources */,
			);
			runOnlyForDeploymentPostprocessing = 0;
		};
/* End PBXSourcesBuildPhase section */

/* Begin XCBuildConfiguration section */
		07E4252524C9CA9000C434C4 /* Debug */ = {
			isa = XCBuildConfiguration;
			buildSettings = {
				ALWAYS_SEARCH_USER_PATHS = NO;
				CLANG_ANALYZER_NONNULL = YES;
				CLANG_ANALYZER_NUMBER_OBJECT_CONVERSION = YES_AGGRESSIVE;
				CLANG_CXX_LANGUAGE_STANDARD = "gnu++14";
				CLANG_CXX_LIBRARY = "libc++";
				CLANG_ENABLE_MODULES = YES;
				CLANG_ENABLE_OBJC_ARC = YES;
				CLANG_ENABLE_OBJC_WEAK = YES;
				CLANG_WARN_BLOCK_CAPTURE_AUTORELEASING = YES;
				CLANG_WARN_BOOL_CONVERSION = YES;
				CLANG_WARN_COMMA = YES;
				CLANG_WARN_CONSTANT_CONVERSION = YES;
				CLANG_WARN_DEPRECATED_OBJC_IMPLEMENTATIONS = YES;
				CLANG_WARN_DIRECT_OBJC_ISA_USAGE = YES_ERROR;
				CLANG_WARN_DOCUMENTATION_COMMENTS = YES;
				CLANG_WARN_EMPTY_BODY = YES;
				CLANG_WARN_ENUM_CONVERSION = YES;
				CLANG_WARN_INFINITE_RECURSION = YES;
				CLANG_WARN_INT_CONVERSION = YES;
				CLANG_WARN_NON_LITERAL_NULL_CONVERSION = YES;
				CLANG_WARN_OBJC_IMPLICIT_RETAIN_SELF = YES;
				CLANG_WARN_OBJC_LITERAL_CONVERSION = YES;
				CLANG_WARN_OBJC_ROOT_CLASS = YES_ERROR;
				CLANG_WARN_QUOTED_INCLUDE_IN_FRAMEWORK_HEADER = YES;
				CLANG_WARN_RANGE_LOOP_ANALYSIS = YES;
				CLANG_WARN_STRICT_PROTOTYPES = YES;
				CLANG_WARN_SUSPICIOUS_MOVE = YES;
				CLANG_WARN_UNGUARDED_AVAILABILITY = YES_AGGRESSIVE;
				CLANG_WARN_UNREACHABLE_CODE = YES;
				CLANG_WARN__DUPLICATE_METHOD_MATCH = YES;
				COPY_PHASE_STRIP = NO;
				DEBUG_INFORMATION_FORMAT = dwarf;
				ENABLE_STRICT_OBJC_MSGSEND = YES;
				ENABLE_TESTABILITY = YES;
				GCC_C_LANGUAGE_STANDARD = gnu11;
				GCC_DYNAMIC_NO_PIC = NO;
				GCC_NO_COMMON_BLOCKS = YES;
				GCC_OPTIMIZATION_LEVEL = 0;
				GCC_PREPROCESSOR_DEFINITIONS = (
					"DEBUG=1",
					"$(inherited)",
				);
				GCC_WARN_64_TO_32_BIT_CONVERSION = YES;
				GCC_WARN_ABOUT_RETURN_TYPE = YES_ERROR;
				GCC_WARN_UNDECLARED_SELECTOR = YES;
				GCC_WARN_UNINITIALIZED_AUTOS = YES_AGGRESSIVE;
				GCC_WARN_UNUSED_FUNCTION = YES;
				GCC_WARN_UNUSED_VARIABLE = YES;
				IPHONEOS_DEPLOYMENT_TARGET = 14.0;
				MTL_ENABLE_DEBUG_INFO = INCLUDE_SOURCE;
				MTL_FAST_MATH = YES;
				ONLY_ACTIVE_ARCH = YES;
				SDKROOT = iphoneos;
				SWIFT_ACTIVE_COMPILATION_CONDITIONS = DEBUG;
				SWIFT_OPTIMIZATION_LEVEL = "-Onone";
			};
			name = Debug;
		};
		07E4252624C9CA9000C434C4 /* Release */ = {
			isa = XCBuildConfiguration;
			buildSettings = {
				ALWAYS_SEARCH_USER_PATHS = NO;
				CLANG_ANALYZER_NONNULL = YES;
				CLANG_ANALYZER_NUMBER_OBJECT_CONVERSION = YES_AGGRESSIVE;
				CLANG_CXX_LANGUAGE_STANDARD = "gnu++14";
				CLANG_CXX_LIBRARY = "libc++";
				CLANG_ENABLE_MODULES = YES;
				CLANG_ENABLE_OBJC_ARC = YES;
				CLANG_ENABLE_OBJC_WEAK = YES;
				CLANG_WARN_BLOCK_CAPTURE_AUTORELEASING = YES;
				CLANG_WARN_BOOL_CONVERSION = YES;
				CLANG_WARN_COMMA = YES;
				CLANG_WARN_CONSTANT_CONVERSION = YES;
				CLANG_WARN_DEPRECATED_OBJC_IMPLEMENTATIONS = YES;
				CLANG_WARN_DIRECT_OBJC_ISA_USAGE = YES_ERROR;
				CLANG_WARN_DOCUMENTATION_COMMENTS = YES;
				CLANG_WARN_EMPTY_BODY = YES;
				CLANG_WARN_ENUM_CONVERSION = YES;
				CLANG_WARN_INFINITE_RECURSION = YES;
				CLANG_WARN_INT_CONVERSION = YES;
				CLANG_WARN_NON_LITERAL_NULL_CONVERSION = YES;
				CLANG_WARN_OBJC_IMPLICIT_RETAIN_SELF = YES;
				CLANG_WARN_OBJC_LITERAL_CONVERSION = YES;
				CLANG_WARN_OBJC_ROOT_CLASS = YES_ERROR;
				CLANG_WARN_QUOTED_INCLUDE_IN_FRAMEWORK_HEADER = YES;
				CLANG_WARN_RANGE_LOOP_ANALYSIS = YES;
				CLANG_WARN_STRICT_PROTOTYPES = YES;
				CLANG_WARN_SUSPICIOUS_MOVE = YES;
				CLANG_WARN_UNGUARDED_AVAILABILITY = YES_AGGRESSIVE;
				CLANG_WARN_UNREACHABLE_CODE = YES;
				CLANG_WARN__DUPLICATE_METHOD_MATCH = YES;
				COPY_PHASE_STRIP = NO;
				DEBUG_INFORMATION_FORMAT = "dwarf-with-dsym";
				ENABLE_NS_ASSERTIONS = NO;
				ENABLE_STRICT_OBJC_MSGSEND = YES;
				GCC_C_LANGUAGE_STANDARD = gnu11;
				GCC_NO_COMMON_BLOCKS = YES;
				GCC_WARN_64_TO_32_BIT_CONVERSION = YES;
				GCC_WARN_ABOUT_RETURN_TYPE = YES_ERROR;
				GCC_WARN_UNDECLARED_SELECTOR = YES;
				GCC_WARN_UNINITIALIZED_AUTOS = YES_AGGRESSIVE;
				GCC_WARN_UNUSED_FUNCTION = YES;
				GCC_WARN_UNUSED_VARIABLE = YES;
				IPHONEOS_DEPLOYMENT_TARGET = 14.0;
				MTL_ENABLE_DEBUG_INFO = NO;
				MTL_FAST_MATH = YES;
				SDKROOT = iphoneos;
				SWIFT_COMPILATION_MODE = wholemodule;
				SWIFT_OPTIMIZATION_LEVEL = "-O";
				VALIDATE_PRODUCT = YES;
			};
			name = Release;
		};
		07E4252824C9CA9000C434C4 /* Debug */ = {
			isa = XCBuildConfiguration;
			buildSettings = {
				ASSETCATALOG_COMPILER_APPICON_NAME = AppIcon;
				ASSETCATALOG_COMPILER_GLOBAL_ACCENT_COLOR_NAME = AccentColor;
				CODE_SIGN_ENTITLEMENTS = Countdown/Countdown.entitlements;
				CODE_SIGN_STYLE = Automatic;
				DEVELOPMENT_ASSET_PATHS = "\"Countdown/Preview Content\"";
				DEVELOPMENT_TEAM = DS63W44KSD;
				ENABLE_PREVIEWS = YES;
				INFOPLIST_FILE = Countdown/Info.plist;
				IPHONEOS_DEPLOYMENT_TARGET = 14.0;
				LD_RUNPATH_SEARCH_PATHS = (
					"$(inherited)",
					"@executable_path/Frameworks",
				);
				PRODUCT_BUNDLE_IDENTIFIER = com.richardrobinson.Countdown2;
				PRODUCT_NAME = "$(TARGET_NAME)";
				SWIFT_VERSION = 5.0;
				TARGETED_DEVICE_FAMILY = "1,2";
			};
			name = Debug;
		};
		07E4252924C9CA9000C434C4 /* Release */ = {
			isa = XCBuildConfiguration;
			buildSettings = {
				ASSETCATALOG_COMPILER_APPICON_NAME = AppIcon;
				ASSETCATALOG_COMPILER_GLOBAL_ACCENT_COLOR_NAME = AccentColor;
				CODE_SIGN_ENTITLEMENTS = Countdown/Countdown.entitlements;
				CODE_SIGN_STYLE = Automatic;
				DEVELOPMENT_ASSET_PATHS = "\"Countdown/Preview Content\"";
				DEVELOPMENT_TEAM = DS63W44KSD;
				ENABLE_PREVIEWS = YES;
				INFOPLIST_FILE = Countdown/Info.plist;
				IPHONEOS_DEPLOYMENT_TARGET = 14.0;
				LD_RUNPATH_SEARCH_PATHS = (
					"$(inherited)",
					"@executable_path/Frameworks",
				);
				PRODUCT_BUNDLE_IDENTIFIER = com.richardrobinson.Countdown2;
				PRODUCT_NAME = "$(TARGET_NAME)";
				SWIFT_VERSION = 5.0;
				TARGETED_DEVICE_FAMILY = "1,2";
			};
			name = Release;
		};
/* End XCBuildConfiguration section */

/* Begin XCConfigurationList section */
		07E4251324C9CA8E00C434C4 /* Build configuration list for PBXProject "Countdown" */ = {
			isa = XCConfigurationList;
			buildConfigurations = (
				07E4252524C9CA9000C434C4 /* Debug */,
				07E4252624C9CA9000C434C4 /* Release */,
			);
			defaultConfigurationIsVisible = 0;
			defaultConfigurationName = Release;
		};
		07E4252724C9CA9000C434C4 /* Build configuration list for PBXNativeTarget "Countdown" */ = {
			isa = XCConfigurationList;
			buildConfigurations = (
				07E4252824C9CA9000C434C4 /* Debug */,
				07E4252924C9CA9000C434C4 /* Release */,
			);
			defaultConfigurationIsVisible = 0;
			defaultConfigurationName = Release;
		};
/* End XCConfigurationList section */

/* Begin XCRemoteSwiftPackageReference section */
		07F4EA1824CA159300CD1BA8 /* XCRemoteSwiftPackageReference "url-image" */ = {
			isa = XCRemoteSwiftPackageReference;
			repositoryURL = "https://github.com/dmytro-anokhin/url-image.git";
			requirement = {
				kind = upToNextMajorVersion;
				minimumVersion = 0.9.19;
			};
		};
/* End XCRemoteSwiftPackageReference section */

/* Begin XCSwiftPackageProductDependency section */
		07F4EA1924CA159300CD1BA8 /* URLImage */ = {
			isa = XCSwiftPackageProductDependency;
			package = 07F4EA1824CA159300CD1BA8 /* XCRemoteSwiftPackageReference "url-image" */;
			productName = URLImage;
		};
/* End XCSwiftPackageProductDependency section */

/* Begin XCVersionGroup section */
		07DDD7E324C9E510003C9421 /* Model.xcdatamodeld */ = {
			isa = XCVersionGroup;
			children = (
				07DDD7E424C9E510003C9421 /* Model.xcdatamodel */,
			);
			currentVersion = 07DDD7E424C9E510003C9421 /* Model.xcdatamodel */;
			path = Model.xcdatamodeld;
			sourceTree = "<group>";
			versionGroupType = wrapper.xcdatamodel;
		};
/* End XCVersionGroup section */
	};
	rootObject = 07E4251024C9CA8E00C434C4 /* Project object */;
}
