// !$*UTF8*$!
{
	archiveVersion = 1;
	classes = {
	};
	objectVersion = 52;
	objects = {

/* Begin PBXBuildFile section */
		0700F40724CBBA6300028EA9 /* Event+CoreDataClass.swift in Sources */ = {isa = PBXBuildFile; fileRef = 0700F40524CBBA6300028EA9 /* Event+CoreDataClass.swift */; };
		0703CB3D24CA60E70089D7D2 /* EmojiView.swift in Sources */ = {isa = PBXBuildFile; fileRef = 0703CB3C24CA60E70089D7D2 /* EmojiView.swift */; };
		0703CB3F24CA747F0089D7D2 /* CardView.swift in Sources */ = {isa = PBXBuildFile; fileRef = 0703CB3E24CA747F0089D7D2 /* CardView.swift */; };
		0703CB4124CAA54A0089D7D2 /* ListCellView.swift in Sources */ = {isa = PBXBuildFile; fileRef = 0703CB4024CAA54A0089D7D2 /* ListCellView.swift */; };
		0703CB4324CAC4890089D7D2 /* PlaceholderView.swift in Sources */ = {isa = PBXBuildFile; fileRef = 0703CB4224CAC4890089D7D2 /* PlaceholderView.swift */; };
		0703CB4524CADA7E0089D7D2 /* EventView.swift in Sources */ = {isa = PBXBuildFile; fileRef = 0703CB4424CADA7E0089D7D2 /* EventView.swift */; };
		071BBBE724D904C0008591A7 /* WidgetKit.framework in Frameworks */ = {isa = PBXBuildFile; fileRef = 071BBBE624D904C0008591A7 /* WidgetKit.framework */; };
		071BBBE924D904C0008591A7 /* SwiftUI.framework in Frameworks */ = {isa = PBXBuildFile; fileRef = 071BBBE824D904C0008591A7 /* SwiftUI.framework */; };
		071BBBEC24D904C0008591A7 /* AppWidget.swift in Sources */ = {isa = PBXBuildFile; fileRef = 071BBBEB24D904C0008591A7 /* AppWidget.swift */; };
		071BBBEE24D904C1008591A7 /* Assets.xcassets in Resources */ = {isa = PBXBuildFile; fileRef = 071BBBED24D904C1008591A7 /* Assets.xcassets */; };
		071BBBF224D904C1008591A7 /* AppWidgetExtension.appex in Embed App Extensions */ = {isa = PBXBuildFile; fileRef = 071BBBE424D904C0008591A7 /* AppWidgetExtension.appex */; settings = {ATTRIBUTES = (RemoveHeadersOnCopy, ); }; };
		071BBBF624D905A8008591A7 /* CoreDataStore.swift in Sources */ = {isa = PBXBuildFile; fileRef = 07DDD7E824C9ECE9003C9421 /* CoreDataStore.swift */; };
		071BBBF724D9069F008591A7 /* Model.xcdatamodeld in Sources */ = {isa = PBXBuildFile; fileRef = 07DDD7E324C9E510003C9421 /* Model.xcdatamodeld */; };
		071BBBF824D906A3008591A7 /* Event+CoreDataClass.swift in Sources */ = {isa = PBXBuildFile; fileRef = 0700F40524CBBA6300028EA9 /* Event+CoreDataClass.swift */; };
		071BBBF924D9076D008591A7 /* UnsplashResult.swift in Sources */ = {isa = PBXBuildFile; fileRef = 07DDD7E624C9E82D003C9421 /* UnsplashResult.swift */; };
		071C05C324CEAC7F00E53EAC /* NotificationManager.swift in Sources */ = {isa = PBXBuildFile; fileRef = 071C05C224CEAC7F00E53EAC /* NotificationManager.swift */; };
		071C05C524CEB24400E53EAC /* Success-1.caf in Resources */ = {isa = PBXBuildFile; fileRef = 071C05C424CEB24400E53EAC /* Success-1.caf */; };
		071C05C724CEB29D00E53EAC /* Intents.intentdefinition in Sources */ = {isa = PBXBuildFile; fileRef = 071C05C624CEB29D00E53EAC /* Intents.intentdefinition */; };
		071C05CF24CEB3CC00E53EAC /* IntentHandler.swift in Sources */ = {isa = PBXBuildFile; fileRef = 071C05CE24CEB3CC00E53EAC /* IntentHandler.swift */; };
		071C05D324CEB3CC00E53EAC /* EventProgressIntent.appex in Embed App Extensions */ = {isa = PBXBuildFile; fileRef = 071C05CC24CEB3CC00E53EAC /* EventProgressIntent.appex */; settings = {ATTRIBUTES = (RemoveHeadersOnCopy, ); }; };
		071C05D924CEB44200E53EAC /* Intents.intentdefinition in Sources */ = {isa = PBXBuildFile; fileRef = 071C05C624CEB29D00E53EAC /* Intents.intentdefinition */; };
		071C05DB24CEB51A00E53EAC /* Model.xcdatamodeld in Sources */ = {isa = PBXBuildFile; fileRef = 07DDD7E324C9E510003C9421 /* Model.xcdatamodeld */; };
		071C05DC24CEB51D00E53EAC /* Event+CoreDataClass.swift in Sources */ = {isa = PBXBuildFile; fileRef = 0700F40524CBBA6300028EA9 /* Event+CoreDataClass.swift */; };
		071C05DD24CEB57E00E53EAC /* UnsplashResult.swift in Sources */ = {isa = PBXBuildFile; fileRef = 07DDD7E624C9E82D003C9421 /* UnsplashResult.swift */; };
		071C05DE24CEB58A00E53EAC /* NotificationManager.swift in Sources */ = {isa = PBXBuildFile; fileRef = 071C05C224CEAC7F00E53EAC /* NotificationManager.swift */; };
		074254FE24CEBB82006F00E1 /* StringExtensions.swift in Sources */ = {isa = PBXBuildFile; fileRef = 07AB882E24CCEEF000837FA8 /* StringExtensions.swift */; };
		0742550024CECFCF006F00E1 /* CoreSpotlightConfiguration.swift in Sources */ = {isa = PBXBuildFile; fileRef = 074254FF24CECFCF006F00E1 /* CoreSpotlightConfiguration.swift */; };
		0742550124CED6A1006F00E1 /* CoreSpotlightConfiguration.swift in Sources */ = {isa = PBXBuildFile; fileRef = 074254FF24CECFCF006F00E1 /* CoreSpotlightConfiguration.swift */; };
		07540DD624D66C6F0057B1C4 /* EnvironmentKeys.swift in Sources */ = {isa = PBXBuildFile; fileRef = 07540DD524D66C6F0057B1C4 /* EnvironmentKeys.swift */; };
		075A77B224DA5B0100687568 /* GlobalTimer.swift in Sources */ = {isa = PBXBuildFile; fileRef = 075A77B124DA5B0100687568 /* GlobalTimer.swift */; };
		075B3D4D24D94B4D00236129 /* URLExtensions.swift in Sources */ = {isa = PBXBuildFile; fileRef = 075B3D4C24D94B4D00236129 /* URLExtensions.swift */; };
		075B3D4E24D94B4D00236129 /* URLExtensions.swift in Sources */ = {isa = PBXBuildFile; fileRef = 075B3D4C24D94B4D00236129 /* URLExtensions.swift */; };
		07AB882F24CCEEF000837FA8 /* StringExtensions.swift in Sources */ = {isa = PBXBuildFile; fileRef = 07AB882E24CCEEF000837FA8 /* StringExtensions.swift */; };
		07AB883124CCF54100837FA8 /* AddEventView.swift in Sources */ = {isa = PBXBuildFile; fileRef = 07AB883024CCF54100837FA8 /* AddEventView.swift */; };
		07AB883424CD584400837FA8 /* ConfettiView.swift in Sources */ = {isa = PBXBuildFile; fileRef = 07AB883324CD584400837FA8 /* ConfettiView.swift */; };
		07BE6B6824CC028200C3F5F6 /* ApiKeys.plist in Resources */ = {isa = PBXBuildFile; fileRef = 07BE6B6724CC028200C3F5F6 /* ApiKeys.plist */; };
		07DDD7E524C9E510003C9421 /* Model.xcdatamodeld in Sources */ = {isa = PBXBuildFile; fileRef = 07DDD7E324C9E510003C9421 /* Model.xcdatamodeld */; };
		07DDD7E724C9E82D003C9421 /* UnsplashResult.swift in Sources */ = {isa = PBXBuildFile; fileRef = 07DDD7E624C9E82D003C9421 /* UnsplashResult.swift */; };
		07DDD7E924C9ECE9003C9421 /* CoreDataStore.swift in Sources */ = {isa = PBXBuildFile; fileRef = 07DDD7E824C9ECE9003C9421 /* CoreDataStore.swift */; };
		07DDD7EC24CA04BB003C9421 /* MockImages.swift in Sources */ = {isa = PBXBuildFile; fileRef = 07DDD7EB24CA04BB003C9421 /* MockImages.swift */; };
		07DF3B1824D50964001EFCB7 /* EmojiPickerView.swift in Sources */ = {isa = PBXBuildFile; fileRef = 07DF3B1724D50964001EFCB7 /* EmojiPickerView.swift */; };
		07DF3B1B24D5097D001EFCB7 /* EmojiModel.swift in Sources */ = {isa = PBXBuildFile; fileRef = 07DF3B1A24D5097D001EFCB7 /* EmojiModel.swift */; };
		07DF3B2524D5162D001EFCB7 /* CountdownTests.swift in Sources */ = {isa = PBXBuildFile; fileRef = 07DF3B2424D5162D001EFCB7 /* CountdownTests.swift */; };
		07DF3B2E24D53BD5001EFCB7 /* emoji.json in Resources */ = {isa = PBXBuildFile; fileRef = 07DF3B2D24D53BD5001EFCB7 /* emoji.json */; };
		07E245D224D118EF00E45489 /* EventManager.swift in Sources */ = {isa = PBXBuildFile; fileRef = 07E245D124D118EF00E45489 /* EventManager.swift */; };
		07E245D724D1429300E45489 /* UnsplashFetchers.swift in Sources */ = {isa = PBXBuildFile; fileRef = 07E245D624D1429300E45489 /* UnsplashFetchers.swift */; };
		07E245D824D1430D00E45489 /* CoreDataStore.swift in Sources */ = {isa = PBXBuildFile; fileRef = 07DDD7E824C9ECE9003C9421 /* CoreDataStore.swift */; };
		07E245D924D1431400E45489 /* UnsplashFetchers.swift in Sources */ = {isa = PBXBuildFile; fileRef = 07E245D624D1429300E45489 /* UnsplashFetchers.swift */; };
		07E4251C24C9CA8F00C434C4 /* CountdownApp.swift in Sources */ = {isa = PBXBuildFile; fileRef = 07E4251B24C9CA8F00C434C4 /* CountdownApp.swift */; };
		07E4251E24C9CA8F00C434C4 /* ContentView.swift in Sources */ = {isa = PBXBuildFile; fileRef = 07E4251D24C9CA8F00C434C4 /* ContentView.swift */; };
		07E4252024C9CA9000C434C4 /* Assets.xcassets in Resources */ = {isa = PBXBuildFile; fileRef = 07E4251F24C9CA9000C434C4 /* Assets.xcassets */; };
		07E4252324C9CA9000C434C4 /* Preview Assets.xcassets in Resources */ = {isa = PBXBuildFile; fileRef = 07E4252224C9CA9000C434C4 /* Preview Assets.xcassets */; };
		07F4EA1A24CA159300CD1BA8 /* URLImage in Frameworks */ = {isa = PBXBuildFile; productRef = 07F4EA1924CA159300CD1BA8 /* URLImage */; };
		07FFC86624CC155400C672FB /* defaultImages.json in Resources */ = {isa = PBXBuildFile; fileRef = 07FFC86524CC155400C672FB /* defaultImages.json */; };
/* End PBXBuildFile section */

/* Begin PBXContainerItemProxy section */
		071BBBF024D904C1008591A7 /* PBXContainerItemProxy */ = {
			isa = PBXContainerItemProxy;
			containerPortal = 07E4251024C9CA8E00C434C4 /* Project object */;
			proxyType = 1;
			remoteGlobalIDString = 071BBBE324D904C0008591A7;
			remoteInfo = AppWidgetExtension;
		};
		071C05D124CEB3CC00E53EAC /* PBXContainerItemProxy */ = {
			isa = PBXContainerItemProxy;
			containerPortal = 07E4251024C9CA8E00C434C4 /* Project object */;
			proxyType = 1;
			remoteGlobalIDString = 071C05CB24CEB3CC00E53EAC;
			remoteInfo = EventProgressIntent;
		};
		07DF3B2724D5162D001EFCB7 /* PBXContainerItemProxy */ = {
			isa = PBXContainerItemProxy;
			containerPortal = 07E4251024C9CA8E00C434C4 /* Project object */;
			proxyType = 1;
			remoteGlobalIDString = 07E4251724C9CA8F00C434C4;
			remoteInfo = Countdown;
		};
/* End PBXContainerItemProxy section */

/* Begin PBXCopyFilesBuildPhase section */
		0706FF8224CFD8E900D51012 /* Embed Watch Content */ = {
			isa = PBXCopyFilesBuildPhase;
			buildActionMask = 2147483647;
			dstPath = "$(CONTENTS_FOLDER_PATH)/Watch";
			dstSubfolderSpec = 16;
			files = (
			);
			name = "Embed Watch Content";
			runOnlyForDeploymentPostprocessing = 0;
		};
		071C05D724CEB3CC00E53EAC /* Embed App Extensions */ = {
			isa = PBXCopyFilesBuildPhase;
			buildActionMask = 2147483647;
			dstPath = "";
			dstSubfolderSpec = 13;
			files = (
				071BBBF224D904C1008591A7 /* AppWidgetExtension.appex in Embed App Extensions */,
				071C05D324CEB3CC00E53EAC /* EventProgressIntent.appex in Embed App Extensions */,
			);
			name = "Embed App Extensions";
			runOnlyForDeploymentPostprocessing = 0;
		};
/* End PBXCopyFilesBuildPhase section */

/* Begin PBXFileReference section */
		0700F40524CBBA6300028EA9 /* Event+CoreDataClass.swift */ = {isa = PBXFileReference; lastKnownFileType = sourcecode.swift; path = "Event+CoreDataClass.swift"; sourceTree = "<group>"; };
		0703CB3C24CA60E70089D7D2 /* EmojiView.swift */ = {isa = PBXFileReference; lastKnownFileType = sourcecode.swift; path = EmojiView.swift; sourceTree = "<group>"; };
		0703CB3E24CA747F0089D7D2 /* CardView.swift */ = {isa = PBXFileReference; lastKnownFileType = sourcecode.swift; path = CardView.swift; sourceTree = "<group>"; };
		0703CB4024CAA54A0089D7D2 /* ListCellView.swift */ = {isa = PBXFileReference; lastKnownFileType = sourcecode.swift; path = ListCellView.swift; sourceTree = "<group>"; };
		0703CB4224CAC4890089D7D2 /* PlaceholderView.swift */ = {isa = PBXFileReference; lastKnownFileType = sourcecode.swift; path = PlaceholderView.swift; sourceTree = "<group>"; };
		0703CB4424CADA7E0089D7D2 /* EventView.swift */ = {isa = PBXFileReference; lastKnownFileType = sourcecode.swift; path = EventView.swift; sourceTree = "<group>"; };
		071BBBE424D904C0008591A7 /* AppWidgetExtension.appex */ = {isa = PBXFileReference; explicitFileType = "wrapper.app-extension"; includeInIndex = 0; path = AppWidgetExtension.appex; sourceTree = BUILT_PRODUCTS_DIR; };
		071BBBE624D904C0008591A7 /* WidgetKit.framework */ = {isa = PBXFileReference; lastKnownFileType = wrapper.framework; name = WidgetKit.framework; path = System/Library/Frameworks/WidgetKit.framework; sourceTree = SDKROOT; };
		071BBBE824D904C0008591A7 /* SwiftUI.framework */ = {isa = PBXFileReference; lastKnownFileType = wrapper.framework; name = SwiftUI.framework; path = System/Library/Frameworks/SwiftUI.framework; sourceTree = SDKROOT; };
		071BBBEB24D904C0008591A7 /* AppWidget.swift */ = {isa = PBXFileReference; lastKnownFileType = sourcecode.swift; path = AppWidget.swift; sourceTree = "<group>"; };
		071BBBED24D904C1008591A7 /* Assets.xcassets */ = {isa = PBXFileReference; lastKnownFileType = folder.assetcatalog; path = Assets.xcassets; sourceTree = "<group>"; };
		071BBBEF24D904C1008591A7 /* Info.plist */ = {isa = PBXFileReference; lastKnownFileType = text.plist.xml; path = Info.plist; sourceTree = "<group>"; };
		071C05C224CEAC7F00E53EAC /* NotificationManager.swift */ = {isa = PBXFileReference; lastKnownFileType = sourcecode.swift; path = NotificationManager.swift; sourceTree = "<group>"; };
		071C05C424CEB24400E53EAC /* Success-1.caf */ = {isa = PBXFileReference; lastKnownFileType = file; path = "Success-1.caf"; sourceTree = "<group>"; };
		071C05C624CEB29D00E53EAC /* Intents.intentdefinition */ = {isa = PBXFileReference; lastKnownFileType = file.intentdefinition; path = Intents.intentdefinition; sourceTree = "<group>"; };
		071C05CC24CEB3CC00E53EAC /* EventProgressIntent.appex */ = {isa = PBXFileReference; explicitFileType = "wrapper.app-extension"; includeInIndex = 0; path = EventProgressIntent.appex; sourceTree = BUILT_PRODUCTS_DIR; };
		071C05CE24CEB3CC00E53EAC /* IntentHandler.swift */ = {isa = PBXFileReference; lastKnownFileType = sourcecode.swift; path = IntentHandler.swift; sourceTree = "<group>"; };
		071C05D024CEB3CC00E53EAC /* Info.plist */ = {isa = PBXFileReference; lastKnownFileType = text.plist.xml; path = Info.plist; sourceTree = "<group>"; };
		071C05D824CEB3FC00E53EAC /* EventProgressIntent.entitlements */ = {isa = PBXFileReference; lastKnownFileType = text.plist.entitlements; path = EventProgressIntent.entitlements; sourceTree = "<group>"; };
		074254FF24CECFCF006F00E1 /* CoreSpotlightConfiguration.swift */ = {isa = PBXFileReference; lastKnownFileType = sourcecode.swift; path = CoreSpotlightConfiguration.swift; sourceTree = "<group>"; };
		07540DD524D66C6F0057B1C4 /* EnvironmentKeys.swift */ = {isa = PBXFileReference; lastKnownFileType = sourcecode.swift; path = EnvironmentKeys.swift; sourceTree = "<group>"; };
		075A77B124DA5B0100687568 /* GlobalTimer.swift */ = {isa = PBXFileReference; lastKnownFileType = sourcecode.swift; path = GlobalTimer.swift; sourceTree = "<group>"; };
		075B3D4C24D94B4D00236129 /* URLExtensions.swift */ = {isa = PBXFileReference; lastKnownFileType = sourcecode.swift; path = URLExtensions.swift; sourceTree = "<group>"; };
		07AB882E24CCEEF000837FA8 /* StringExtensions.swift */ = {isa = PBXFileReference; lastKnownFileType = sourcecode.swift; path = StringExtensions.swift; sourceTree = "<group>"; };
		07AB883024CCF54100837FA8 /* AddEventView.swift */ = {isa = PBXFileReference; lastKnownFileType = sourcecode.swift; path = AddEventView.swift; sourceTree = "<group>"; };
		07AB883324CD584400837FA8 /* ConfettiView.swift */ = {isa = PBXFileReference; lastKnownFileType = sourcecode.swift; path = ConfettiView.swift; sourceTree = "<group>"; };
		07BE6B6724CC028200C3F5F6 /* ApiKeys.plist */ = {isa = PBXFileReference; lastKnownFileType = text.plist.xml; path = ApiKeys.plist; sourceTree = "<group>"; };
		07DDD7E424C9E510003C9421 /* Model.xcdatamodel */ = {isa = PBXFileReference; lastKnownFileType = wrapper.xcdatamodel; path = Model.xcdatamodel; sourceTree = "<group>"; };
		07DDD7E624C9E82D003C9421 /* UnsplashResult.swift */ = {isa = PBXFileReference; lastKnownFileType = sourcecode.swift; path = UnsplashResult.swift; sourceTree = "<group>"; };
		07DDD7E824C9ECE9003C9421 /* CoreDataStore.swift */ = {isa = PBXFileReference; lastKnownFileType = sourcecode.swift; path = CoreDataStore.swift; sourceTree = "<group>"; };
		07DDD7EA24C9F17A003C9421 /* Countdown.entitlements */ = {isa = PBXFileReference; lastKnownFileType = text.plist.entitlements; path = Countdown.entitlements; sourceTree = "<group>"; };
		07DDD7EB24CA04BB003C9421 /* MockImages.swift */ = {isa = PBXFileReference; lastKnownFileType = sourcecode.swift; path = MockImages.swift; sourceTree = "<group>"; };
		07DF3B1724D50964001EFCB7 /* EmojiPickerView.swift */ = {isa = PBXFileReference; lastKnownFileType = sourcecode.swift; path = EmojiPickerView.swift; sourceTree = "<group>"; };
		07DF3B1A24D5097D001EFCB7 /* EmojiModel.swift */ = {isa = PBXFileReference; lastKnownFileType = sourcecode.swift; path = EmojiModel.swift; sourceTree = "<group>"; };
		07DF3B2224D5162D001EFCB7 /* CountdownTests.xctest */ = {isa = PBXFileReference; explicitFileType = wrapper.cfbundle; includeInIndex = 0; path = CountdownTests.xctest; sourceTree = BUILT_PRODUCTS_DIR; };
		07DF3B2424D5162D001EFCB7 /* CountdownTests.swift */ = {isa = PBXFileReference; lastKnownFileType = sourcecode.swift; path = CountdownTests.swift; sourceTree = "<group>"; };
		07DF3B2624D5162D001EFCB7 /* Info.plist */ = {isa = PBXFileReference; lastKnownFileType = text.plist.xml; path = Info.plist; sourceTree = "<group>"; };
		07DF3B2D24D53BD5001EFCB7 /* emoji.json */ = {isa = PBXFileReference; fileEncoding = 4; lastKnownFileType = text.json; path = emoji.json; sourceTree = "<group>"; };
		07E245D124D118EF00E45489 /* EventManager.swift */ = {isa = PBXFileReference; lastKnownFileType = sourcecode.swift; path = EventManager.swift; sourceTree = "<group>"; };
		07E245D624D1429300E45489 /* UnsplashFetchers.swift */ = {isa = PBXFileReference; lastKnownFileType = sourcecode.swift; path = UnsplashFetchers.swift; sourceTree = "<group>"; };
		07E4251824C9CA8F00C434C4 /* Countdown.app */ = {isa = PBXFileReference; explicitFileType = wrapper.application; includeInIndex = 0; path = Countdown.app; sourceTree = BUILT_PRODUCTS_DIR; };
		07E4251B24C9CA8F00C434C4 /* CountdownApp.swift */ = {isa = PBXFileReference; lastKnownFileType = sourcecode.swift; path = CountdownApp.swift; sourceTree = "<group>"; };
		07E4251D24C9CA8F00C434C4 /* ContentView.swift */ = {isa = PBXFileReference; lastKnownFileType = sourcecode.swift; path = ContentView.swift; sourceTree = "<group>"; };
		07E4251F24C9CA9000C434C4 /* Assets.xcassets */ = {isa = PBXFileReference; lastKnownFileType = folder.assetcatalog; path = Assets.xcassets; sourceTree = "<group>"; };
		07E4252224C9CA9000C434C4 /* Preview Assets.xcassets */ = {isa = PBXFileReference; lastKnownFileType = folder.assetcatalog; path = "Preview Assets.xcassets"; sourceTree = "<group>"; };
		07E4252424C9CA9000C434C4 /* Info.plist */ = {isa = PBXFileReference; lastKnownFileType = text.plist.xml; path = Info.plist; sourceTree = "<group>"; };
		07FFC86524CC155400C672FB /* defaultImages.json */ = {isa = PBXFileReference; fileEncoding = 4; lastKnownFileType = text.json; path = defaultImages.json; sourceTree = "<group>"; };
/* End PBXFileReference section */

/* Begin PBXFrameworksBuildPhase section */
		071BBBE124D904C0008591A7 /* Frameworks */ = {
			isa = PBXFrameworksBuildPhase;
			buildActionMask = 2147483647;
			files = (
				071BBBE924D904C0008591A7 /* SwiftUI.framework in Frameworks */,
				071BBBE724D904C0008591A7 /* WidgetKit.framework in Frameworks */,
			);
			runOnlyForDeploymentPostprocessing = 0;
		};
		071C05C924CEB3CC00E53EAC /* Frameworks */ = {
			isa = PBXFrameworksBuildPhase;
			buildActionMask = 2147483647;
			files = (
			);
			runOnlyForDeploymentPostprocessing = 0;
		};
		07DF3B1F24D5162D001EFCB7 /* Frameworks */ = {
			isa = PBXFrameworksBuildPhase;
			buildActionMask = 2147483647;
			files = (
			);
			runOnlyForDeploymentPostprocessing = 0;
		};
		07E4251524C9CA8F00C434C4 /* Frameworks */ = {
			isa = PBXFrameworksBuildPhase;
			buildActionMask = 2147483647;
			files = (
				07F4EA1A24CA159300CD1BA8 /* URLImage in Frameworks */,
			);
			runOnlyForDeploymentPostprocessing = 0;
		};
/* End PBXFrameworksBuildPhase section */

/* Begin PBXGroup section */
		071BBBE524D904C0008591A7 /* Frameworks */ = {
			isa = PBXGroup;
			children = (
				071BBBE624D904C0008591A7 /* WidgetKit.framework */,
				071BBBE824D904C0008591A7 /* SwiftUI.framework */,
			);
			name = Frameworks;
			sourceTree = "<group>";
		};
		071BBBEA24D904C0008591A7 /* AppWidget */ = {
			isa = PBXGroup;
			children = (
				071BBBEB24D904C0008591A7 /* AppWidget.swift */,
				071BBBED24D904C1008591A7 /* Assets.xcassets */,
				071BBBEF24D904C1008591A7 /* Info.plist */,
			);
			path = AppWidget;
			sourceTree = "<group>";
		};
		071C05CD24CEB3CC00E53EAC /* EventProgressIntent */ = {
			isa = PBXGroup;
			children = (
				071C05D824CEB3FC00E53EAC /* EventProgressIntent.entitlements */,
				071C05CE24CEB3CC00E53EAC /* IntentHandler.swift */,
				071C05D024CEB3CC00E53EAC /* Info.plist */,
			);
			path = EventProgressIntent;
			sourceTree = "<group>";
		};
		07AB883224CD436600837FA8 /* Add Event View */ = {
			isa = PBXGroup;
			children = (
				07DF3B1724D50964001EFCB7 /* EmojiPickerView.swift */,
				07AB883024CCF54100837FA8 /* AddEventView.swift */,
			);
			path = "Add Event View";
			sourceTree = "<group>";
		};
		07DF3B2324D5162D001EFCB7 /* CountdownTests */ = {
			isa = PBXGroup;
			children = (
				07DF3B2424D5162D001EFCB7 /* CountdownTests.swift */,
				07DF3B2624D5162D001EFCB7 /* Info.plist */,
			);
			path = CountdownTests;
			sourceTree = "<group>";
		};
		07E4250F24C9CA8E00C434C4 = {
			isa = PBXGroup;
			children = (
				071C05C624CEB29D00E53EAC /* Intents.intentdefinition */,
				07E4251A24C9CA8F00C434C4 /* Countdown */,
				071C05CD24CEB3CC00E53EAC /* EventProgressIntent */,
				07DF3B2324D5162D001EFCB7 /* CountdownTests */,
				071BBBEA24D904C0008591A7 /* AppWidget */,
				071BBBE524D904C0008591A7 /* Frameworks */,
				07E4251924C9CA8F00C434C4 /* Products */,
			);
			sourceTree = "<group>";
		};
		07E4251924C9CA8F00C434C4 /* Products */ = {
			isa = PBXGroup;
			children = (
				07E4251824C9CA8F00C434C4 /* Countdown.app */,
				071C05CC24CEB3CC00E53EAC /* EventProgressIntent.appex */,
				07DF3B2224D5162D001EFCB7 /* CountdownTests.xctest */,
				071BBBE424D904C0008591A7 /* AppWidgetExtension.appex */,
			);
			name = Products;
			sourceTree = "<group>";
		};
		07E4251A24C9CA8F00C434C4 /* Countdown */ = {
			isa = PBXGroup;
			children = (
				071C05C424CEB24400E53EAC /* Success-1.caf */,
				07FFC86324CC055700C672FB /* Model */,
				07DDD7EA24C9F17A003C9421 /* Countdown.entitlements */,
				07E4251B24C9CA8F00C434C4 /* CountdownApp.swift */,
				07FFC86424CC057B00C672FB /* Home View */,
				07AB883224CD436600837FA8 /* Add Event View */,
				07AB882E24CCEEF000837FA8 /* StringExtensions.swift */,
				075B3D4C24D94B4D00236129 /* URLExtensions.swift */,
				0703CB4424CADA7E0089D7D2 /* EventView.swift */,
				07E4251F24C9CA9000C434C4 /* Assets.xcassets */,
				07E4252424C9CA9000C434C4 /* Info.plist */,
				07E4252124C9CA9000C434C4 /* Preview Content */,
			);
			path = Countdown;
			sourceTree = "<group>";
		};
		07E4252124C9CA9000C434C4 /* Preview Content */ = {
			isa = PBXGroup;
			children = (
				07E4252224C9CA9000C434C4 /* Preview Assets.xcassets */,
			);
			path = "Preview Content";
			sourceTree = "<group>";
		};
		07EFF6E524D8164E00AEFEC6 /* Unsplash */ = {
			isa = PBXGroup;
			children = (
				07DDD7E624C9E82D003C9421 /* UnsplashResult.swift */,
				07E245D624D1429300E45489 /* UnsplashFetchers.swift */,
				07BE6B6724CC028200C3F5F6 /* ApiKeys.plist */,
				07FFC86524CC155400C672FB /* defaultImages.json */,
				07DDD7EB24CA04BB003C9421 /* MockImages.swift */,
			);
			path = Unsplash;
			sourceTree = "<group>";
		};
		07FFC86324CC055700C672FB /* Model */ = {
			isa = PBXGroup;
			children = (
				071C05C224CEAC7F00E53EAC /* NotificationManager.swift */,
				07DF3B1A24D5097D001EFCB7 /* EmojiModel.swift */,
				07DF3B2D24D53BD5001EFCB7 /* emoji.json */,
				0700F40524CBBA6300028EA9 /* Event+CoreDataClass.swift */,
				07DDD7E324C9E510003C9421 /* Model.xcdatamodeld */,
				07EFF6E524D8164E00AEFEC6 /* Unsplash */,
				07DDD7E824C9ECE9003C9421 /* CoreDataStore.swift */,
				07E245D124D118EF00E45489 /* EventManager.swift */,
				074254FF24CECFCF006F00E1 /* CoreSpotlightConfiguration.swift */,
				07540DD524D66C6F0057B1C4 /* EnvironmentKeys.swift */,
				075A77B124DA5B0100687568 /* GlobalTimer.swift */,
			);
			path = Model;
			sourceTree = "<group>";
		};
		07FFC86424CC057B00C672FB /* Home View */ = {
			isa = PBXGroup;
			children = (
				07AB883324CD584400837FA8 /* ConfettiView.swift */,
				07E4251D24C9CA8F00C434C4 /* ContentView.swift */,
				0703CB4224CAC4890089D7D2 /* PlaceholderView.swift */,
				0703CB4024CAA54A0089D7D2 /* ListCellView.swift */,
				0703CB3E24CA747F0089D7D2 /* CardView.swift */,
				0703CB3C24CA60E70089D7D2 /* EmojiView.swift */,
			);
			path = "Home View";
			sourceTree = "<group>";
		};
/* End PBXGroup section */

/* Begin PBXNativeTarget section */
		071BBBE324D904C0008591A7 /* AppWidgetExtension */ = {
			isa = PBXNativeTarget;
			buildConfigurationList = 071BBBF524D904C1008591A7 /* Build configuration list for PBXNativeTarget "AppWidgetExtension" */;
			buildPhases = (
				071BBBE024D904C0008591A7 /* Sources */,
				071BBBE124D904C0008591A7 /* Frameworks */,
				071BBBE224D904C0008591A7 /* Resources */,
			);
			buildRules = (
			);
			dependencies = (
			);
			name = AppWidgetExtension;
			productName = AppWidgetExtension;
			productReference = 071BBBE424D904C0008591A7 /* AppWidgetExtension.appex */;
			productType = "com.apple.product-type.app-extension";
		};
		071C05CB24CEB3CC00E53EAC /* EventProgressIntent */ = {
			isa = PBXNativeTarget;
			buildConfigurationList = 071C05D424CEB3CC00E53EAC /* Build configuration list for PBXNativeTarget "EventProgressIntent" */;
			buildPhases = (
				071C05C824CEB3CC00E53EAC /* Sources */,
				071C05C924CEB3CC00E53EAC /* Frameworks */,
				071C05CA24CEB3CC00E53EAC /* Resources */,
			);
			buildRules = (
			);
			dependencies = (
			);
			name = EventProgressIntent;
			productName = EventProgressIntent;
			productReference = 071C05CC24CEB3CC00E53EAC /* EventProgressIntent.appex */;
			productType = "com.apple.product-type.app-extension";
		};
		07DF3B2124D5162D001EFCB7 /* CountdownTests */ = {
			isa = PBXNativeTarget;
			buildConfigurationList = 07DF3B2924D5162D001EFCB7 /* Build configuration list for PBXNativeTarget "CountdownTests" */;
			buildPhases = (
				07DF3B1E24D5162D001EFCB7 /* Sources */,
				07DF3B1F24D5162D001EFCB7 /* Frameworks */,
				07DF3B2024D5162D001EFCB7 /* Resources */,
			);
			buildRules = (
			);
			dependencies = (
				07DF3B2824D5162D001EFCB7 /* PBXTargetDependency */,
			);
			name = CountdownTests;
			productName = CountdownTests;
			productReference = 07DF3B2224D5162D001EFCB7 /* CountdownTests.xctest */;
			productType = "com.apple.product-type.bundle.unit-test";
		};
		07E4251724C9CA8F00C434C4 /* Countdown */ = {
			isa = PBXNativeTarget;
			buildConfigurationList = 07E4252724C9CA9000C434C4 /* Build configuration list for PBXNativeTarget "Countdown" */;
			buildPhases = (
				07E4251424C9CA8F00C434C4 /* Sources */,
				07E4251524C9CA8F00C434C4 /* Frameworks */,
				07E4251624C9CA8F00C434C4 /* Resources */,
				071C05D724CEB3CC00E53EAC /* Embed App Extensions */,
				0706FF8224CFD8E900D51012 /* Embed Watch Content */,
			);
			buildRules = (
			);
			dependencies = (
				071C05D224CEB3CC00E53EAC /* PBXTargetDependency */,
				071BBBF124D904C1008591A7 /* PBXTargetDependency */,
			);
			name = Countdown;
			packageProductDependencies = (
				07F4EA1924CA159300CD1BA8 /* URLImage */,
			);
			productName = Countdown;
			productReference = 07E4251824C9CA8F00C434C4 /* Countdown.app */;
			productType = "com.apple.product-type.application";
		};
/* End PBXNativeTarget section */

/* Begin PBXProject section */
		07E4251024C9CA8E00C434C4 /* Project object */ = {
			isa = PBXProject;
			attributes = {
				LastSwiftUpdateCheck = 1200;
				LastUpgradeCheck = 1200;
				TargetAttributes = {
					071BBBE324D904C0008591A7 = {
						CreatedOnToolsVersion = 12.0;
					};
					071C05CB24CEB3CC00E53EAC = {
						CreatedOnToolsVersion = 12.0;
					};
					07DF3B2124D5162D001EFCB7 = {
						CreatedOnToolsVersion = 12.0;
						TestTargetID = 07E4251724C9CA8F00C434C4;
					};
					07E4251724C9CA8F00C434C4 = {
						CreatedOnToolsVersion = 12.0;
					};
				};
			};
			buildConfigurationList = 07E4251324C9CA8E00C434C4 /* Build configuration list for PBXProject "Countdown" */;
			compatibilityVersion = "Xcode 9.3";
			developmentRegion = en;
			hasScannedForEncodings = 0;
			knownRegions = (
				en,
				Base,
			);
			mainGroup = 07E4250F24C9CA8E00C434C4;
			packageReferences = (
				07F4EA1824CA159300CD1BA8 /* XCRemoteSwiftPackageReference "url-image" */,
			);
			productRefGroup = 07E4251924C9CA8F00C434C4 /* Products */;
			projectDirPath = "";
			projectRoot = "";
			targets = (
				07E4251724C9CA8F00C434C4 /* Countdown */,
				071C05CB24CEB3CC00E53EAC /* EventProgressIntent */,
				07DF3B2124D5162D001EFCB7 /* CountdownTests */,
				071BBBE324D904C0008591A7 /* AppWidgetExtension */,
			);
		};
/* End PBXProject section */

/* Begin PBXResourcesBuildPhase section */
		071BBBE224D904C0008591A7 /* Resources */ = {
			isa = PBXResourcesBuildPhase;
			buildActionMask = 2147483647;
			files = (
				071BBBEE24D904C1008591A7 /* Assets.xcassets in Resources */,
			);
			runOnlyForDeploymentPostprocessing = 0;
		};
		071C05CA24CEB3CC00E53EAC /* Resources */ = {
			isa = PBXResourcesBuildPhase;
			buildActionMask = 2147483647;
			files = (
			);
			runOnlyForDeploymentPostprocessing = 0;
		};
		07DF3B2024D5162D001EFCB7 /* Resources */ = {
			isa = PBXResourcesBuildPhase;
			buildActionMask = 2147483647;
			files = (
			);
			runOnlyForDeploymentPostprocessing = 0;
		};
		07E4251624C9CA8F00C434C4 /* Resources */ = {
			isa = PBXResourcesBuildPhase;
			buildActionMask = 2147483647;
			files = (
				07E4252324C9CA9000C434C4 /* Preview Assets.xcassets in Resources */,
				07FFC86624CC155400C672FB /* defaultImages.json in Resources */,
				07DF3B2E24D53BD5001EFCB7 /* emoji.json in Resources */,
				07E4252024C9CA9000C434C4 /* Assets.xcassets in Resources */,
				07BE6B6824CC028200C3F5F6 /* ApiKeys.plist in Resources */,
				071C05C524CEB24400E53EAC /* Success-1.caf in Resources */,
			);
			runOnlyForDeploymentPostprocessing = 0;
		};
/* End PBXResourcesBuildPhase section */

/* Begin PBXSourcesBuildPhase section */
		071BBBE024D904C0008591A7 /* Sources */ = {
			isa = PBXSourcesBuildPhase;
			buildActionMask = 2147483647;
			files = (
				071BBBF624D905A8008591A7 /* CoreDataStore.swift in Sources */,
				075B3D4E24D94B4D00236129 /* URLExtensions.swift in Sources */,
				071BBBEC24D904C0008591A7 /* AppWidget.swift in Sources */,
				071BBBF924D9076D008591A7 /* UnsplashResult.swift in Sources */,
				071BBBF824D906A3008591A7 /* Event+CoreDataClass.swift in Sources */,
				071BBBF724D9069F008591A7 /* Model.xcdatamodeld in Sources */,
			);
			runOnlyForDeploymentPostprocessing = 0;
		};
		071C05C824CEB3CC00E53EAC /* Sources */ = {
			isa = PBXSourcesBuildPhase;
			buildActionMask = 2147483647;
			files = (
				074254FE24CEBB82006F00E1 /* StringExtensions.swift in Sources */,
				071C05D924CEB44200E53EAC /* Intents.intentdefinition in Sources */,
				071C05DD24CEB57E00E53EAC /* UnsplashResult.swift in Sources */,
				071C05DC24CEB51D00E53EAC /* Event+CoreDataClass.swift in Sources */,
				071C05DE24CEB58A00E53EAC /* NotificationManager.swift in Sources */,
				07E245D924D1431400E45489 /* UnsplashFetchers.swift in Sources */,
				071C05CF24CEB3CC00E53EAC /* IntentHandler.swift in Sources */,
				07E245D824D1430D00E45489 /* CoreDataStore.swift in Sources */,
				0742550124CED6A1006F00E1 /* CoreSpotlightConfiguration.swift in Sources */,
				071C05DB24CEB51A00E53EAC /* Model.xcdatamodeld in Sources */,
			);
			runOnlyForDeploymentPostprocessing = 0;
		};
		07DF3B1E24D5162D001EFCB7 /* Sources */ = {
			isa = PBXSourcesBuildPhase;
			buildActionMask = 2147483647;
			files = (
				07DF3B2524D5162D001EFCB7 /* CountdownTests.swift in Sources */,
			);
			runOnlyForDeploymentPostprocessing = 0;
		};
		07E4251424C9CA8F00C434C4 /* Sources */ = {
			isa = PBXSourcesBuildPhase;
			buildActionMask = 2147483647;
			files = (
				07E245D224D118EF00E45489 /* EventManager.swift in Sources */,
				075B3D4D24D94B4D00236129 /* URLExtensions.swift in Sources */,
				07DDD7E724C9E82D003C9421 /* UnsplashResult.swift in Sources */,
				0703CB3F24CA747F0089D7D2 /* CardView.swift in Sources */,
				0703CB3D24CA60E70089D7D2 /* EmojiView.swift in Sources */,
				07E245D724D1429300E45489 /* UnsplashFetchers.swift in Sources */,
				07DF3B1B24D5097D001EFCB7 /* EmojiModel.swift in Sources */,
				071C05C724CEB29D00E53EAC /* Intents.intentdefinition in Sources */,
				0742550024CECFCF006F00E1 /* CoreSpotlightConfiguration.swift in Sources */,
				0703CB4524CADA7E0089D7D2 /* EventView.swift in Sources */,
				07E4251E24C9CA8F00C434C4 /* ContentView.swift in Sources */,
				0703CB4124CAA54A0089D7D2 /* ListCellView.swift in Sources */,
				07DDD7E924C9ECE9003C9421 /* CoreDataStore.swift in Sources */,
				07E4251C24C9CA8F00C434C4 /* CountdownApp.swift in Sources */,
				075A77B224DA5B0100687568 /* GlobalTimer.swift in Sources */,
				07AB883424CD584400837FA8 /* ConfettiView.swift in Sources */,
				07DF3B1824D50964001EFCB7 /* EmojiPickerView.swift in Sources */,
				07AB882F24CCEEF000837FA8 /* StringExtensions.swift in Sources */,
				0700F40724CBBA6300028EA9 /* Event+CoreDataClass.swift in Sources */,
				07AB883124CCF54100837FA8 /* AddEventView.swift in Sources */,
				071C05C324CEAC7F00E53EAC /* NotificationManager.swift in Sources */,
				07540DD624D66C6F0057B1C4 /* EnvironmentKeys.swift in Sources */,
				07DDD7E524C9E510003C9421 /* Model.xcdatamodeld in Sources */,
				0703CB4324CAC4890089D7D2 /* PlaceholderView.swift in Sources */,
				07DDD7EC24CA04BB003C9421 /* MockImages.swift in Sources */,
			);
			runOnlyForDeploymentPostprocessing = 0;
		};
/* End PBXSourcesBuildPhase section */

/* Begin PBXTargetDependency section */
		071BBBF124D904C1008591A7 /* PBXTargetDependency */ = {
			isa = PBXTargetDependency;
			target = 071BBBE324D904C0008591A7 /* AppWidgetExtension */;
			targetProxy = 071BBBF024D904C1008591A7 /* PBXContainerItemProxy */;
		};
		071C05D224CEB3CC00E53EAC /* PBXTargetDependency */ = {
			isa = PBXTargetDependency;
			target = 071C05CB24CEB3CC00E53EAC /* EventProgressIntent */;
			targetProxy = 071C05D124CEB3CC00E53EAC /* PBXContainerItemProxy */;
		};
		07DF3B2824D5162D001EFCB7 /* PBXTargetDependency */ = {
			isa = PBXTargetDependency;
			target = 07E4251724C9CA8F00C434C4 /* Countdown */;
			targetProxy = 07DF3B2724D5162D001EFCB7 /* PBXContainerItemProxy */;
		};
/* End PBXTargetDependency section */

/* Begin XCBuildConfiguration section */
		071BBBF324D904C1008591A7 /* Debug */ = {
			isa = XCBuildConfiguration;
			buildSettings = {
				ASSETCATALOG_COMPILER_GLOBAL_ACCENT_COLOR_NAME = AccentColor;
				ASSETCATALOG_COMPILER_WIDGET_BACKGROUND_COLOR_NAME = WidgetBackground;
				CODE_SIGN_STYLE = Automatic;
				CURRENT_PROJECT_VERSION = 5;
				DEAD_CODE_STRIPPING = NO;
				DEVELOPMENT_TEAM = DS63W44KSD;
				INFOPLIST_FILE = AppWidget/Info.plist;
				LD_RUNPATH_SEARCH_PATHS = (
					"$(inherited)",
					"@executable_path/Frameworks",
					"@executable_path/../../Frameworks",
				);
				MARKETING_VERSION = 0.1;
				PRODUCT_BUNDLE_IDENTIFIER = com.richardrobinson.Countdown2.AppWidget;
				PRODUCT_NAME = "$(TARGET_NAME)";
				SKIP_INSTALL = YES;
				SWIFT_ACTIVE_COMPILATION_CONDITIONS = "DEBUG WIDGET";
				SWIFT_VERSION = 5.0;
				TARGETED_DEVICE_FAMILY = "1,2";
			};
			name = Debug;
		};
		071BBBF424D904C1008591A7 /* Release */ = {
			isa = XCBuildConfiguration;
			buildSettings = {
				ASSETCATALOG_COMPILER_GLOBAL_ACCENT_COLOR_NAME = AccentColor;
				ASSETCATALOG_COMPILER_WIDGET_BACKGROUND_COLOR_NAME = WidgetBackground;
				CODE_SIGN_STYLE = Automatic;
				CURRENT_PROJECT_VERSION = 5;
				DEAD_CODE_STRIPPING = NO;
				DEVELOPMENT_TEAM = DS63W44KSD;
				INFOPLIST_FILE = AppWidget/Info.plist;
				LD_RUNPATH_SEARCH_PATHS = (
					"$(inherited)",
					"@executable_path/Frameworks",
					"@executable_path/../../Frameworks",
				);
				MARKETING_VERSION = 0.1;
				PRODUCT_BUNDLE_IDENTIFIER = com.richardrobinson.Countdown2.AppWidget;
				PRODUCT_NAME = "$(TARGET_NAME)";
				SKIP_INSTALL = YES;
				SWIFT_ACTIVE_COMPILATION_CONDITIONS = WIDGET;
				SWIFT_VERSION = 5.0;
				TARGETED_DEVICE_FAMILY = "1,2";
			};
			name = Release;
		};
		071C05D524CEB3CC00E53EAC /* Debug */ = {
			isa = XCBuildConfiguration;
			buildSettings = {
				CODE_SIGN_ENTITLEMENTS = EventProgressIntent/EventProgressIntent.entitlements;
				CODE_SIGN_STYLE = Automatic;
				CURRENT_PROJECT_VERSION = 5;
				DEVELOPMENT_TEAM = DS63W44KSD;
				INFOPLIST_FILE = EventProgressIntent/Info.plist;
				LD_RUNPATH_SEARCH_PATHS = (
					"$(inherited)",
					"@executable_path/Frameworks",
					"@executable_path/../../Frameworks",
				);
				MARKETING_VERSION = 0.1;
				PRODUCT_BUNDLE_IDENTIFIER = com.richardrobinson.Countdown2.EventProgressIntent;
				PRODUCT_NAME = "$(TARGET_NAME)";
				SKIP_INSTALL = YES;
				SUPPORTS_MACCATALYST = NO;
				SWIFT_VERSION = 5.0;
				TARGETED_DEVICE_FAMILY = 1;
			};
			name = Debug;
		};
		071C05D624CEB3CC00E53EAC /* Release */ = {
			isa = XCBuildConfiguration;
			buildSettings = {
				CODE_SIGN_ENTITLEMENTS = EventProgressIntent/EventProgressIntent.entitlements;
				CODE_SIGN_STYLE = Automatic;
				CURRENT_PROJECT_VERSION = 5;
				DEVELOPMENT_TEAM = DS63W44KSD;
				INFOPLIST_FILE = EventProgressIntent/Info.plist;
				LD_RUNPATH_SEARCH_PATHS = (
					"$(inherited)",
					"@executable_path/Frameworks",
					"@executable_path/../../Frameworks",
				);
				MARKETING_VERSION = 0.1;
				PRODUCT_BUNDLE_IDENTIFIER = com.richardrobinson.Countdown2.EventProgressIntent;
				PRODUCT_NAME = "$(TARGET_NAME)";
				SKIP_INSTALL = YES;
				SUPPORTS_MACCATALYST = NO;
				SWIFT_VERSION = 5.0;
				TARGETED_DEVICE_FAMILY = 1;
			};
			name = Release;
		};
		07DF3B2A24D5162D001EFCB7 /* Debug */ = {
			isa = XCBuildConfiguration;
			buildSettings = {
				BUNDLE_LOADER = "$(TEST_HOST)";
				CODE_SIGN_STYLE = Automatic;
				DEVELOPMENT_TEAM = DS63W44KSD;
				INFOPLIST_FILE = CountdownTests/Info.plist;
				LD_RUNPATH_SEARCH_PATHS = (
					"$(inherited)",
					"@executable_path/Frameworks",
					"@loader_path/Frameworks",
				);
				PRODUCT_BUNDLE_IDENTIFIER = com.richardrobinson.CountdownTests;
				PRODUCT_NAME = "$(TARGET_NAME)";
				SWIFT_VERSION = 5.0;
				TARGETED_DEVICE_FAMILY = "1,2";
				TEST_HOST = "$(BUILT_PRODUCTS_DIR)/Countdown.app/Countdown";
			};
			name = Debug;
		};
		07DF3B2B24D5162D001EFCB7 /* Release */ = {
			isa = XCBuildConfiguration;
			buildSettings = {
				BUNDLE_LOADER = "$(TEST_HOST)";
				CODE_SIGN_STYLE = Automatic;
				DEVELOPMENT_TEAM = DS63W44KSD;
				INFOPLIST_FILE = CountdownTests/Info.plist;
				LD_RUNPATH_SEARCH_PATHS = (
					"$(inherited)",
					"@executable_path/Frameworks",
					"@loader_path/Frameworks",
				);
				PRODUCT_BUNDLE_IDENTIFIER = com.richardrobinson.CountdownTests;
				PRODUCT_NAME = "$(TARGET_NAME)";
				SWIFT_VERSION = 5.0;
				TARGETED_DEVICE_FAMILY = "1,2";
				TEST_HOST = "$(BUILT_PRODUCTS_DIR)/Countdown.app/Countdown";
			};
			name = Release;
		};
		07E4252524C9CA9000C434C4 /* Debug */ = {
			isa = XCBuildConfiguration;
			buildSettings = {
				ALWAYS_SEARCH_USER_PATHS = NO;
				CLANG_ANALYZER_NONNULL = YES;
				CLANG_ANALYZER_NUMBER_OBJECT_CONVERSION = YES_AGGRESSIVE;
				CLANG_CXX_LANGUAGE_STANDARD = "gnu++14";
				CLANG_CXX_LIBRARY = "libc++";
				CLANG_ENABLE_MODULES = YES;
				CLANG_ENABLE_OBJC_ARC = YES;
				CLANG_ENABLE_OBJC_WEAK = YES;
				CLANG_WARN_BLOCK_CAPTURE_AUTORELEASING = YES;
				CLANG_WARN_BOOL_CONVERSION = YES;
				CLANG_WARN_COMMA = YES;
				CLANG_WARN_CONSTANT_CONVERSION = YES;
				CLANG_WARN_DEPRECATED_OBJC_IMPLEMENTATIONS = YES;
				CLANG_WARN_DIRECT_OBJC_ISA_USAGE = YES_ERROR;
				CLANG_WARN_DOCUMENTATION_COMMENTS = YES;
				CLANG_WARN_EMPTY_BODY = YES;
				CLANG_WARN_ENUM_CONVERSION = YES;
				CLANG_WARN_INFINITE_RECURSION = YES;
				CLANG_WARN_INT_CONVERSION = YES;
				CLANG_WARN_NON_LITERAL_NULL_CONVERSION = YES;
				CLANG_WARN_OBJC_IMPLICIT_RETAIN_SELF = YES;
				CLANG_WARN_OBJC_LITERAL_CONVERSION = YES;
				CLANG_WARN_OBJC_ROOT_CLASS = YES_ERROR;
				CLANG_WARN_QUOTED_INCLUDE_IN_FRAMEWORK_HEADER = YES;
				CLANG_WARN_RANGE_LOOP_ANALYSIS = YES;
				CLANG_WARN_STRICT_PROTOTYPES = YES;
				CLANG_WARN_SUSPICIOUS_MOVE = YES;
				CLANG_WARN_UNGUARDED_AVAILABILITY = YES_AGGRESSIVE;
				CLANG_WARN_UNREACHABLE_CODE = YES;
				CLANG_WARN__DUPLICATE_METHOD_MATCH = YES;
				COPY_PHASE_STRIP = NO;
				DEBUG_INFORMATION_FORMAT = dwarf;
				ENABLE_STRICT_OBJC_MSGSEND = YES;
				ENABLE_TESTABILITY = YES;
				GCC_C_LANGUAGE_STANDARD = gnu11;
				GCC_DYNAMIC_NO_PIC = NO;
				GCC_NO_COMMON_BLOCKS = YES;
				GCC_OPTIMIZATION_LEVEL = 0;
				GCC_PREPROCESSOR_DEFINITIONS = (
					"DEBUG=1",
					"$(inherited)",
				);
				GCC_WARN_64_TO_32_BIT_CONVERSION = YES;
				GCC_WARN_ABOUT_RETURN_TYPE = YES_ERROR;
				GCC_WARN_UNDECLARED_SELECTOR = YES;
				GCC_WARN_UNINITIALIZED_AUTOS = YES_AGGRESSIVE;
				GCC_WARN_UNUSED_FUNCTION = YES;
				GCC_WARN_UNUSED_VARIABLE = YES;
				IPHONEOS_DEPLOYMENT_TARGET = 14.0;
				MTL_ENABLE_DEBUG_INFO = INCLUDE_SOURCE;
				MTL_FAST_MATH = YES;
				ONLY_ACTIVE_ARCH = YES;
				SDKROOT = iphoneos;
				SWIFT_ACTIVE_COMPILATION_CONDITIONS = DEBUG;
				SWIFT_OPTIMIZATION_LEVEL = "-Onone";
			};
			name = Debug;
		};
		07E4252624C9CA9000C434C4 /* Release */ = {
			isa = XCBuildConfiguration;
			buildSettings = {
				ALWAYS_SEARCH_USER_PATHS = NO;
				CLANG_ANALYZER_NONNULL = YES;
				CLANG_ANALYZER_NUMBER_OBJECT_CONVERSION = YES_AGGRESSIVE;
				CLANG_CXX_LANGUAGE_STANDARD = "gnu++14";
				CLANG_CXX_LIBRARY = "libc++";
				CLANG_ENABLE_MODULES = YES;
				CLANG_ENABLE_OBJC_ARC = YES;
				CLANG_ENABLE_OBJC_WEAK = YES;
				CLANG_WARN_BLOCK_CAPTURE_AUTORELEASING = YES;
				CLANG_WARN_BOOL_CONVERSION = YES;
				CLANG_WARN_COMMA = YES;
				CLANG_WARN_CONSTANT_CONVERSION = YES;
				CLANG_WARN_DEPRECATED_OBJC_IMPLEMENTATIONS = YES;
				CLANG_WARN_DIRECT_OBJC_ISA_USAGE = YES_ERROR;
				CLANG_WARN_DOCUMENTATION_COMMENTS = YES;
				CLANG_WARN_EMPTY_BODY = YES;
				CLANG_WARN_ENUM_CONVERSION = YES;
				CLANG_WARN_INFINITE_RECURSION = YES;
				CLANG_WARN_INT_CONVERSION = YES;
				CLANG_WARN_NON_LITERAL_NULL_CONVERSION = YES;
				CLANG_WARN_OBJC_IMPLICIT_RETAIN_SELF = YES;
				CLANG_WARN_OBJC_LITERAL_CONVERSION = YES;
				CLANG_WARN_OBJC_ROOT_CLASS = YES_ERROR;
				CLANG_WARN_QUOTED_INCLUDE_IN_FRAMEWORK_HEADER = YES;
				CLANG_WARN_RANGE_LOOP_ANALYSIS = YES;
				CLANG_WARN_STRICT_PROTOTYPES = YES;
				CLANG_WARN_SUSPICIOUS_MOVE = YES;
				CLANG_WARN_UNGUARDED_AVAILABILITY = YES_AGGRESSIVE;
				CLANG_WARN_UNREACHABLE_CODE = YES;
				CLANG_WARN__DUPLICATE_METHOD_MATCH = YES;
				COPY_PHASE_STRIP = NO;
				DEBUG_INFORMATION_FORMAT = "dwarf-with-dsym";
				ENABLE_NS_ASSERTIONS = NO;
				ENABLE_STRICT_OBJC_MSGSEND = YES;
				GCC_C_LANGUAGE_STANDARD = gnu11;
				GCC_NO_COMMON_BLOCKS = YES;
				GCC_WARN_64_TO_32_BIT_CONVERSION = YES;
				GCC_WARN_ABOUT_RETURN_TYPE = YES_ERROR;
				GCC_WARN_UNDECLARED_SELECTOR = YES;
				GCC_WARN_UNINITIALIZED_AUTOS = YES_AGGRESSIVE;
				GCC_WARN_UNUSED_FUNCTION = YES;
				GCC_WARN_UNUSED_VARIABLE = YES;
				IPHONEOS_DEPLOYMENT_TARGET = 14.0;
				MTL_ENABLE_DEBUG_INFO = NO;
				MTL_FAST_MATH = YES;
				SDKROOT = iphoneos;
				SWIFT_COMPILATION_MODE = wholemodule;
				SWIFT_OPTIMIZATION_LEVEL = "-O";
				VALIDATE_PRODUCT = YES;
			};
			name = Release;
		};
		07E4252824C9CA9000C434C4 /* Debug */ = {
			isa = XCBuildConfiguration;
			buildSettings = {
				ALWAYS_EMBED_SWIFT_STANDARD_LIBRARIES = YES;
				ASSETCATALOG_COMPILER_APPICON_NAME = AppIcon;
				ASSETCATALOG_COMPILER_GLOBAL_ACCENT_COLOR_NAME = AccentColor;
				CODE_SIGN_ENTITLEMENTS = Countdown/Countdown.entitlements;
				CODE_SIGN_STYLE = Automatic;
				CURRENT_PROJECT_VERSION = 5;
				DEVELOPMENT_ASSET_PATHS = "\"Countdown/Preview Content\"";
				DEVELOPMENT_TEAM = DS63W44KSD;
				ENABLE_PREVIEWS = YES;
				INFOPLIST_FILE = Countdown/Info.plist;
				IPHONEOS_DEPLOYMENT_TARGET = 14.0;
				LD_RUNPATH_SEARCH_PATHS = (
					"$(inherited)",
					"@executable_path/Frameworks",
				);
				MARKETING_VERSION = 0.1;
				PRODUCT_BUNDLE_IDENTIFIER = com.richardrobinson.Countdown2;
				PRODUCT_NAME = "$(TARGET_NAME)";
				SUPPORTS_MACCATALYST = NO;
				SWIFT_VERSION = 5.0;
				TARGETED_DEVICE_FAMILY = 1;
			};
			name = Debug;
		};
		07E4252924C9CA9000C434C4 /* Release */ = {
			isa = XCBuildConfiguration;
			buildSettings = {
				ALWAYS_EMBED_SWIFT_STANDARD_LIBRARIES = YES;
				ASSETCATALOG_COMPILER_APPICON_NAME = AppIcon;
				ASSETCATALOG_COMPILER_GLOBAL_ACCENT_COLOR_NAME = AccentColor;
				CODE_SIGN_ENTITLEMENTS = Countdown/Countdown.entitlements;
				CODE_SIGN_STYLE = Automatic;
				CURRENT_PROJECT_VERSION = 5;
				DEVELOPMENT_ASSET_PATHS = "\"Countdown/Preview Content\"";
				DEVELOPMENT_TEAM = DS63W44KSD;
				ENABLE_PREVIEWS = YES;
				INFOPLIST_FILE = Countdown/Info.plist;
				IPHONEOS_DEPLOYMENT_TARGET = 14.0;
				LD_RUNPATH_SEARCH_PATHS = (
					"$(inherited)",
					"@executable_path/Frameworks",
				);
				MARKETING_VERSION = 0.1;
				PRODUCT_BUNDLE_IDENTIFIER = com.richardrobinson.Countdown2;
				PRODUCT_NAME = "$(TARGET_NAME)";
				SUPPORTS_MACCATALYST = NO;
				SWIFT_VERSION = 5.0;
				TARGETED_DEVICE_FAMILY = 1;
			};
			name = Release;
		};
/* End XCBuildConfiguration section */

/* Begin XCConfigurationList section */
		071BBBF524D904C1008591A7 /* Build configuration list for PBXNativeTarget "AppWidgetExtension" */ = {
			isa = XCConfigurationList;
			buildConfigurations = (
				071BBBF324D904C1008591A7 /* Debug */,
				071BBBF424D904C1008591A7 /* Release */,
			);
			defaultConfigurationIsVisible = 0;
			defaultConfigurationName = Release;
		};
		071C05D424CEB3CC00E53EAC /* Build configuration list for PBXNativeTarget "EventProgressIntent" */ = {
			isa = XCConfigurationList;
			buildConfigurations = (
				071C05D524CEB3CC00E53EAC /* Debug */,
				071C05D624CEB3CC00E53EAC /* Release */,
			);
			defaultConfigurationIsVisible = 0;
			defaultConfigurationName = Release;
		};
		07DF3B2924D5162D001EFCB7 /* Build configuration list for PBXNativeTarget "CountdownTests" */ = {
			isa = XCConfigurationList;
			buildConfigurations = (
				07DF3B2A24D5162D001EFCB7 /* Debug */,
				07DF3B2B24D5162D001EFCB7 /* Release */,
			);
			defaultConfigurationIsVisible = 0;
			defaultConfigurationName = Release;
		};
		07E4251324C9CA8E00C434C4 /* Build configuration list for PBXProject "Countdown" */ = {
			isa = XCConfigurationList;
			buildConfigurations = (
				07E4252524C9CA9000C434C4 /* Debug */,
				07E4252624C9CA9000C434C4 /* Release */,
			);
			defaultConfigurationIsVisible = 0;
			defaultConfigurationName = Release;
		};
		07E4252724C9CA9000C434C4 /* Build configuration list for PBXNativeTarget "Countdown" */ = {
			isa = XCConfigurationList;
			buildConfigurations = (
				07E4252824C9CA9000C434C4 /* Debug */,
				07E4252924C9CA9000C434C4 /* Release */,
			);
			defaultConfigurationIsVisible = 0;
			defaultConfigurationName = Release;
		};
/* End XCConfigurationList section */

/* Begin XCRemoteSwiftPackageReference section */
		07F4EA1824CA159300CD1BA8 /* XCRemoteSwiftPackageReference "url-image" */ = {
			isa = XCRemoteSwiftPackageReference;
			repositoryURL = "https://github.com/dmytro-anokhin/url-image.git";
			requirement = {
				kind = upToNextMajorVersion;
				minimumVersion = 0.9.19;
			};
		};
/* End XCRemoteSwiftPackageReference section */

/* Begin XCSwiftPackageProductDependency section */
		07F4EA1924CA159300CD1BA8 /* URLImage */ = {
			isa = XCSwiftPackageProductDependency;
			package = 07F4EA1824CA159300CD1BA8 /* XCRemoteSwiftPackageReference "url-image" */;
			productName = URLImage;
		};
/* End XCSwiftPackageProductDependency section */

/* Begin XCVersionGroup section */
		07DDD7E324C9E510003C9421 /* Model.xcdatamodeld */ = {
			isa = XCVersionGroup;
			children = (
				07DDD7E424C9E510003C9421 /* Model.xcdatamodel */,
			);
			currentVersion = 07DDD7E424C9E510003C9421 /* Model.xcdatamodel */;
			path = Model.xcdatamodeld;
			sourceTree = "<group>";
			versionGroupType = wrapper.xcdatamodel;
		};
/* End XCVersionGroup section */
	};
	rootObject = 07E4251024C9CA8E00C434C4 /* Project object */;
}
